{
  "name": "clickshield",
  "version": "1.0.0",
  "lockfileVersion": 3,
  "requires": true,
  "packages": {
    "": {
      "name": "clickshield",
      "version": "1.0.0",
      "license": "MIT",
      "dependencies": {
        "axios": "^1.6.7",
        "jspdf": "^3.0.3"
      },
      "devDependencies": {
        "@types/node": "^20.0.0",
        "@vercel/node": "^3.0.0",
        "concurrently": "^8.2.2"
      }
    },